
Microsoft Visual Studio Solution File, Format Version 12.00
# Visual Studio 15
VisualStudioVersion = 15.0.28010.2048
MinimumVisualStudioVersion = 10.0.40219.1
Project("{8BC9CEB8-8B4A-11D0-8D11-00A0C91BC942}") = "FrameScaler", "FrameScaler\FrameScaler.vcxproj", "{4B8490F8-785C-4BB1-A7BB-2859E0235FDE}"
EndProject
Project("{8BC9CEB8-8B4A-11D0-8D11-00A0C91BC942}") = "LpGL", "LpGL\LpGL.vcxproj", "{7091B46A-296F-4F23-B4CA-1045FED8CA1F}"
EndProject
Project("{8BC9CEB8-8B4A-11D0-8D11-00A0C91BC942}") = "LpGL_win32", "LpGL_win32\LpGL_win32.vcxproj", "{987B0979-1C65-45EA-B82F-424235DACD2C}"
EndProject
Global
	GlobalSection(SolutionConfigurationPlatforms) = preSolution
		Debug|ML = Debug|ML
		Debug|x64 = Debug|x64
		Debug|x86 = Debug|x86
		Release|ML = Release|ML
		Release|x64 = Release|x64
		Release|x86 = Release|x86
	EndGlobalSection
	GlobalSection(ProjectConfigurationPlatforms) = postSolution
		{4B8490F8-785C-4BB1-A7BB-2859E0235FDE}.Debug|ML.ActiveCfg = Debug|ML
		{4B8490F8-785C-4BB1-A7BB-2859E0235FDE}.Debug|ML.Build.0 = Debug|ML
		{4B8490F8-785C-4BB1-A7BB-2859E0235FDE}.Debug|x64.ActiveCfg = Debug|x64
		{4B8490F8-785C-4BB1-A7BB-2859E0235FDE}.Debug|x64.Build.0 = Debug|x64
		{4B8490F8-785C-4BB1-A7BB-2859E0235FDE}.Debug|x86.ActiveCfg = Debug|x64
		{4B8490F8-785C-4BB1-A7BB-2859E0235FDE}.Release|ML.ActiveCfg = Release|ML
		{4B8490F8-785C-4BB1-A7BB-2859E0235FDE}.Release|ML.Build.0 = Release|ML
		{4B8490F8-785C-4BB1-A7BB-2859E0235FDE}.Release|x64.ActiveCfg = Release|x64
		{4B8490F8-785C-4BB1-A7BB-2859E0235FDE}.Release|x64.Build.0 = Release|x64
		{4B8490F8-785C-4BB1-A7BB-2859E0235FDE}.Release|x86.ActiveCfg = Release|x64
		{7091B46A-296F-4F23-B4CA-1045FED8CA1F}.Debug|ML.ActiveCfg = Debug|ML
		{7091B46A-296F-4F23-B4CA-1045FED8CA1F}.Debug|ML.Build.0 = Debug|ML
		{7091B46A-296F-4F23-B4CA-1045FED8CA1F}.Debug|x64.ActiveCfg = Debug|x64
		{7091B46A-296F-4F23-B4CA-1045FED8CA1F}.Debug|x64.Build.0 = Debug|x64
		{7091B46A-296F-4F23-B4CA-1045FED8CA1F}.Debug|x86.ActiveCfg = Debug|x64
		{7091B46A-296F-4F23-B4CA-1045FED8CA1F}.Release|ML.ActiveCfg = Release|ML
		{7091B46A-296F-4F23-B4CA-1045FED8CA1F}.Release|ML.Build.0 = Release|ML
		{7091B46A-296F-4F23-B4CA-1045FED8CA1F}.Release|x64.ActiveCfg = Release|x64
		{7091B46A-296F-4F23-B4CA-1045FED8CA1F}.Release|x64.Build.0 = Release|x64
		{7091B46A-296F-4F23-B4CA-1045FED8CA1F}.Release|x86.ActiveCfg = Release|x64
		{987B0979-1C65-45EA-B82F-424235DACD2C}.Debug|ML.ActiveCfg = Debug|Win32
		{987B0979-1C65-45EA-B82F-424235DACD2C}.Debug|x64.ActiveCfg = Debug|x64
		{987B0979-1C65-45EA-B82F-424235DACD2C}.Debug|x64.Build.0 = Debug|x64
		{987B0979-1C65-45EA-B82F-424235DACD2C}.Debug|x86.ActiveCfg = Debug|Win32
		{987B0979-1C65-45EA-B82F-424235DACD2C}.Debug|x86.Build.0 = Debug|Win32
		{987B0979-1C65-45EA-B82F-424235DACD2C}.Release|ML.ActiveCfg = Release|Win32
		{987B0979-1C65-45EA-B82F-424235DACD2C}.Release|x64.ActiveCfg = Release|x64
		{987B0979-1C65-45EA-B82F-424235DACD2C}.Release|x64.Build.0 = Release|x64
		{987B0979-1C65-45EA-B82F-424235DACD2C}.Release|x86.ActiveCfg = Release|Win32
		{987B0979-1C65-45EA-B82F-424235DACD2C}.Release|x86.Build.0 = Release|Win32
	EndGlobalSection
	GlobalSection(SolutionProperties) = preSolution
		HideSolutionNode = FALSE
	EndGlobalSection
	GlobalSection(ExtensibilityGlobals) = postSolution
		SolutionGuid = {BB79CA5E-672B-4C4C-9DE9-50E84EDA6760}
	EndGlobalSection
EndGlobal
